// !$*UTF8*$!
{
	archiveVersion = 1;
	classes = {
	};
	objectVersion = 48;
	objects = {

/* Begin PBXBuildFile section */
		4D5524931FCE5A7E000305B6 /* AppDelegate.m in Sources */ = {isa = PBXBuildFile; fileRef = 4D5524921FCE5A7E000305B6 /* AppDelegate.m */; };
		4D5524961FCE5A7E000305B6 /* ViewController.m in Sources */ = {isa = PBXBuildFile; fileRef = 4D5524951FCE5A7E000305B6 /* ViewController.m */; };
		4D5524991FCE5A7E000305B6 /* Main.storyboard in Resources */ = {isa = PBXBuildFile; fileRef = 4D5524971FCE5A7E000305B6 /* Main.storyboard */; };
		4D55249B1FCE5A7E000305B6 /* Assets.xcassets in Resources */ = {isa = PBXBuildFile; fileRef = 4D55249A1FCE5A7E000305B6 /* Assets.xcassets */; };
		4D55249E1FCE5A7E000305B6 /* LaunchScreen.storyboard in Resources */ = {isa = PBXBuildFile; fileRef = 4D55249C1FCE5A7E000305B6 /* LaunchScreen.storyboard */; };
		4D5524A11FCE5A7E000305B6 /* main.m in Sources */ = {isa = PBXBuildFile; fileRef = 4D5524A01FCE5A7E000305B6 /* main.m */; };
		4D5524AB1FCE5A7E000305B6 /* GithubTestTests.m in Sources */ = {isa = PBXBuildFile; fileRef = 4D5524AA1FCE5A7E000305B6 /* GithubTestTests.m */; };
		4D5524B61FCE5A7E000305B6 /* GithubTestUITests.m in Sources */ = {isa = PBXBuildFile; fileRef = 4D5524B51FCE5A7E000305B6 /* GithubTestUITests.m */; };
/* End PBXBuildFile section */

/* Begin PBXContainerItemProxy section */
		4D5524A71FCE5A7E000305B6 /* PBXContainerItemProxy */ = {
			isa = PBXContainerItemProxy;
			containerPortal = 4D5524861FCE5A7E000305B6 /* Project object */;
			proxyType = 1;
			remoteGlobalIDString = 4D55248D1FCE5A7E000305B6;
			remoteInfo = GithubTest;
		};
		4D5524B21FCE5A7E000305B6 /* PBXContainerItemProxy */ = {
			isa = PBXContainerItemProxy;
			containerPortal = 4D5524861FCE5A7E000305B6 /* Project object */;
			proxyType = 1;
			remoteGlobalIDString = 4D55248D1FCE5A7E000305B6;
			remoteInfo = GithubTest;
		};
/* End PBXContainerItemProxy section */

/* Begin PBXFileReference section */
		4D55248E1FCE5A7E000305B6 /* GithubTest.app */ = {isa = PBXFileReference; explicitFileType = wrapper.application; includeInIndex = 0; path = GithubTest.app; sourceTree = BUILT_PRODUCTS_DIR; };
		4D5524911FCE5A7E000305B6 /* AppDelegate.h */ = {isa = PBXFileReference; lastKnownFileType = sourcecode.c.h; path = AppDelegate.h; sourceTree = "<group>"; };
		4D5524921FCE5A7E000305B6 /* AppDelegate.m */ = {isa = PBXFileReference; lastKnownFileType = sourcecode.c.objc; path = AppDelegate.m; sourceTree = "<group>"; };
		4D5524941FCE5A7E000305B6 /* ViewController.h */ = {isa = PBXFileReference; lastKnownFileType = sourcecode.c.h; path = ViewController.h; sourceTree = "<group>"; };
		4D5524951FCE5A7E000305B6 /* ViewController.m */ = {isa = PBXFileReference; lastKnownFileType = sourcecode.c.objc; path = ViewController.m; sourceTree = "<group>"; };
		4D5524981FCE5A7E000305B6 /* Base */ = {isa = PBXFileReference; lastKnownFileType = file.storyboard; name = Base; path = Base.lproj/Main.storyboard; sourceTree = "<group>"; };
		4D55249A1FCE5A7E000305B6 /* Assets.xcassets */ = {isa = PBXFileReference; lastKnownFileType = folder.assetcatalog; path = Assets.xcassets; sourceTree = "<group>"; };
		4D55249D1FCE5A7E000305B6 /* Base */ = {isa = PBXFileReference; lastKnownFileType = file.storyboard; name = Base; path = Base.lproj/LaunchScreen.storyboard; sourceTree = "<group>"; };
		4D55249F1FCE5A7E000305B6 /* Info.plist */ = {isa = PBXFileReference; lastKnownFileType = text.plist.xml; path = Info.plist; sourceTree = "<group>"; };
		4D5524A01FCE5A7E000305B6 /* main.m */ = {isa = PBXFileReference; lastKnownFileType = sourcecode.c.objc; path = main.m; sourceTree = "<group>"; };
		4D5524A61FCE5A7E000305B6 /* GithubTestTests.xctest */ = {isa = PBXFileReference; explicitFileType = wrapper.cfbundle; includeInIndex = 0; path = GithubTestTests.xctest; sourceTree = BUILT_PRODUCTS_DIR; };
		4D5524AA1FCE5A7E000305B6 /* GithubTestTests.m */ = {isa = PBXFileReference; lastKnownFileType = sourcecode.c.objc; path = GithubTestTests.m; sourceTree = "<group>"; };
		4D5524AC1FCE5A7E000305B6 /* Info.plist */ = {isa = PBXFileReference; lastKnownFileType = text.plist.xml; path = Info.plist; sourceTree = "<group>"; };
		4D5524B11FCE5A7E000305B6 /* GithubTestUITests.xctest */ = {isa = PBXFileReference; explicitFileType = wrapper.cfbundle; includeInIndex = 0; path = GithubTestUITests.xctest; sourceTree = BUILT_PRODUCTS_DIR; };
		4D5524B51FCE5A7E000305B6 /* GithubTestUITests.m */ = {isa = PBXFileReference; lastKnownFileType = sourcecode.c.objc; path = GithubTestUITests.m; sourceTree = "<group>"; };
		4D5524B71FCE5A7E000305B6 /* Info.plist */ = {isa = PBXFileReference; lastKnownFileType = text.plist.xml; path = Info.plist; sourceTree = "<group>"; };
/* End PBXFileReference section */

/* Begin PBXFrameworksBuildPhase section */
		4D55248B1FCE5A7E000305B6 /* Frameworks */ = {
			isa = PBXFrameworksBuildPhase;
			buildActionMask = 2147483647;
			files = (
			);
			runOnlyForDeploymentPostprocessing = 0;
		};
		4D5524A31FCE5A7E000305B6 /* Frameworks */ = {
			isa = PBXFrameworksBuildPhase;
			buildActionMask = 2147483647;
			files = (
			);
			runOnlyForDeploymentPostprocessing = 0;
		};
		4D5524AE1FCE5A7E000305B6 /* Frameworks */ = {
			isa = PBXFrameworksBuildPhase;
			buildActionMask = 2147483647;
			files = (
			);
			runOnlyForDeploymentPostprocessing = 0;
		};
/* End PBXFrameworksBuildPhase section */

/* Begin PBXGroup section */
		4D5524851FCE5A7E000305B6 = {
			isa = PBXGroup;
			children = (
				4D5524901FCE5A7E000305B6 /* GithubTest */,
				4D5524A91FCE5A7E000305B6 /* GithubTestTests */,
				4D5524B41FCE5A7E000305B6 /* GithubTestUITests */,
				4D55248F1FCE5A7E000305B6 /* Products */,
			);
			sourceTree = "<group>";
		};
		4D55248F1FCE5A7E000305B6 /* Products */ = {
			isa = PBXGroup;
			children = (
				4D55248E1FCE5A7E000305B6 /* GithubTest.app */,
				4D5524A61FCE5A7E000305B6 /* GithubTestTests.xctest */,
				4D5524B11FCE5A7E000305B6 /* GithubTestUITests.xctest */,
			);
			name = Products;
			sourceTree = "<group>";
		};
		4D5524901FCE5A7E000305B6 /* GithubTest */ = {
			isa = PBXGroup;
			children = (
				4D5524911FCE5A7E000305B6 /* AppDelegate.h */,
				4D5524921FCE5A7E000305B6 /* AppDelegate.m */,
				4D5524941FCE5A7E000305B6 /* ViewController.h */,
				4D5524951FCE5A7E000305B6 /* ViewController.m */,
				4D5524971FCE5A7E000305B6 /* Main.storyboard */,
				4D55249A1FCE5A7E000305B6 /* Assets.xcassets */,
				4D55249C1FCE5A7E000305B6 /* LaunchScreen.storyboard */,
				4D55249F1FCE5A7E000305B6 /* Info.plist */,
				4D5524A01FCE5A7E000305B6 /* main.m */,
			);
			path = GithubTest;
			sourceTree = "<group>";
		};
		4D5524A91FCE5A7E000305B6 /* GithubTestTests */ = {
			isa = PBXGroup;
			children = (
				4D5524AA1FCE5A7E000305B6 /* GithubTestTests.m */,
				4D5524AC1FCE5A7E000305B6 /* Info.plist */,
			);
			path = GithubTestTests;
			sourceTree = "<group>";
		};
		4D5524B41FCE5A7E000305B6 /* GithubTestUITests */ = {
			isa = PBXGroup;
			children = (
				4D5524B51FCE5A7E000305B6 /* GithubTestUITests.m */,
				4D5524B71FCE5A7E000305B6 /* Info.plist */,
			);
			path = GithubTestUITests;
			sourceTree = "<group>";
		};
/* End PBXGroup section */

/* Begin PBXNativeTarget section */
		4D55248D1FCE5A7E000305B6 /* GithubTest */ = {
			isa = PBXNativeTarget;
			buildConfigurationList = 4D5524BA1FCE5A7E000305B6 /* Build configuration list for PBXNativeTarget "GithubTest" */;
			buildPhases = (
				4D55248A1FCE5A7E000305B6 /* Sources */,
				4D55248B1FCE5A7E000305B6 /* Frameworks */,
				4D55248C1FCE5A7E000305B6 /* Resources */,
			);
			buildRules = (
			);
			dependencies = (
			);
			name = GithubTest;
			productName = GithubTest;
			productReference = 4D55248E1FCE5A7E000305B6 /* GithubTest.app */;
			productType = "com.apple.product-type.application";
		};
		4D5524A51FCE5A7E000305B6 /* GithubTestTests */ = {
			isa = PBXNativeTarget;
			buildConfigurationList = 4D5524BD1FCE5A7E000305B6 /* Build configuration list for PBXNativeTarget "GithubTestTests" */;
			buildPhases = (
				4D5524A21FCE5A7E000305B6 /* Sources */,
				4D5524A31FCE5A7E000305B6 /* Frameworks */,
				4D5524A41FCE5A7E000305B6 /* Resources */,
			);
			buildRules = (
			);
			dependencies = (
				4D5524A81FCE5A7E000305B6 /* PBXTargetDependency */,
			);
			name = GithubTestTests;
			productName = GithubTestTests;
			productReference = 4D5524A61FCE5A7E000305B6 /* GithubTestTests.xctest */;
			productType = "com.apple.product-type.bundle.unit-test";
		};
		4D5524B01FCE5A7E000305B6 /* GithubTestUITests */ = {
			isa = PBXNativeTarget;
			buildConfigurationList = 4D5524C01FCE5A7E000305B6 /* Build configuration list for PBXNativeTarget "GithubTestUITests" */;
			buildPhases = (
				4D5524AD1FCE5A7E000305B6 /* Sources */,
				4D5524AE1FCE5A7E000305B6 /* Frameworks */,
				4D5524AF1FCE5A7E000305B6 /* Resources */,
			);
			buildRules = (
			);
			dependencies = (
				4D5524B31FCE5A7E000305B6 /* PBXTargetDependency */,
			);
			name = GithubTestUITests;
			productName = GithubTestUITests;
			productReference = 4D5524B11FCE5A7E000305B6 /* GithubTestUITests.xctest */;
			productType = "com.apple.product-type.bundle.ui-testing";
		};
/* End PBXNativeTarget section */

/* Begin PBXProject section */
		4D5524861FCE5A7E000305B6 /* Project object */ = {
			isa = PBXProject;
			attributes = {
				LastUpgradeCheck = 0900;
				ORGANIZATIONNAME = lixuanyan;
				TargetAttributes = {
					4D55248D1FCE5A7E000305B6 = {
						CreatedOnToolsVersion = 9.0.1;
						ProvisioningStyle = Automatic;
					};
					4D5524A51FCE5A7E000305B6 = {
						CreatedOnToolsVersion = 9.0.1;
						ProvisioningStyle = Automatic;
						TestTargetID = 4D55248D1FCE5A7E000305B6;
					};
					4D5524B01FCE5A7E000305B6 = {
						CreatedOnToolsVersion = 9.0.1;
						ProvisioningStyle = Automatic;
						TestTargetID = 4D55248D1FCE5A7E000305B6;
					};
				};
			};
			buildConfigurationList = 4D5524891FCE5A7E000305B6 /* Build configuration list for PBXProject "GithubTest" */;
			compatibilityVersion = "Xcode 8.0";
			developmentRegion = en;
			hasScannedForEncodings = 0;
			knownRegions = (
				en,
				Base,
			);
			mainGroup = 4D5524851FCE5A7E000305B6;
			productRefGroup = 4D55248F1FCE5A7E000305B6 /* Products */;
			projectDirPath = "";
			projectRoot = "";
			targets = (
				4D55248D1FCE5A7E000305B6 /* GithubTest */,
				4D5524A51FCE5A7E000305B6 /* GithubTestTests */,
				4D5524B01FCE5A7E000305B6 /* GithubTestUITests */,
			);
		};
/* End PBXProject section */

/* Begin PBXResourcesBuildPhase section */
		4D55248C1FCE5A7E000305B6 /* Resources */ = {
			isa = PBXResourcesBuildPhase;
			buildActionMask = 2147483647;
			files = (
				4D55249E1FCE5A7E000305B6 /* LaunchScreen.storyboard in Resources */,
				4D55249B1FCE5A7E000305B6 /* Assets.xcassets in Resources */,
				4D5524991FCE5A7E000305B6 /* Main.storyboard in Resources */,
			);
			runOnlyForDeploymentPostprocessing = 0;
		};
		4D5524A41FCE5A7E000305B6 /* Resources */ = {
			isa = PBXResourcesBuildPhase;
			buildActionMask = 2147483647;
			files = (
			);
			runOnlyForDeploymentPostprocessing = 0;
		};
		4D5524AF1FCE5A7E000305B6 /* Resources */ = {
			isa = PBXResourcesBuildPhase;
			buildActionMask = 2147483647;
			files = (
			);
			runOnlyForDeploymentPostprocessing = 0;
		};
/* End PBXResourcesBuildPhase section */

/* Begin PBXSourcesBuildPhase section */
		4D55248A1FCE5A7E000305B6 /* Sources */ = {
			isa = PBXSourcesBuildPhase;
			buildActionMask = 2147483647;
			files = (
				4D5524961FCE5A7E000305B6 /* ViewController.m in Sources */,
				4D5524A11FCE5A7E000305B6 /* main.m in Sources */,
				4D5524931FCE5A7E000305B6 /* AppDelegate.m in Sources */,
			);
			runOnlyForDeploymentPostprocessing = 0;
		};
		4D5524A21FCE5A7E000305B6 /* Sources */ = {
			isa = PBXSourcesBuildPhase;
			buildActionMask = 2147483647;
			files = (
				4D5524AB1FCE5A7E000305B6 /* GithubTestTests.m in Sources */,
			);
			runOnlyForDeploymentPostprocessing = 0;
		};
		4D5524AD1FCE5A7E000305B6 /* Sources */ = {
			isa = PBXSourcesBuildPhase;
			buildActionMask = 2147483647;
			files = (
				4D5524B61FCE5A7E000305B6 /* GithubTestUITests.m in Sources */,
			);
			runOnlyForDeploymentPostprocessing = 0;
		};
/* End PBXSourcesBuildPhase section */

/* Begin PBXTargetDependency section */
		4D5524A81FCE5A7E000305B6 /* PBXTargetDependency */ = {
			isa = PBXTargetDependency;
			target = 4D55248D1FCE5A7E000305B6 /* GithubTest */;
			targetProxy = 4D5524A71FCE5A7E000305B6 /* PBXContainerItemProxy */;
		};
		4D5524B31FCE5A7E000305B6 /* PBXTargetDependency */ = {
			isa = PBXTargetDependency;
			target = 4D55248D1FCE5A7E000305B6 /* GithubTest */;
			targetProxy = 4D5524B21FCE5A7E000305B6 /* PBXContainerItemProxy */;
		};
/* End PBXTargetDependency section */

/* Begin PBXVariantGroup section */
		4D5524971FCE5A7E000305B6 /* Main.storyboard */ = {
			isa = PBXVariantGroup;
			children = (
				4D5524981FCE5A7E000305B6 /* Base */,
			);
			name = Main.storyboard;
			sourceTree = "<group>";
		};
		4D55249C1FCE5A7E000305B6 /* LaunchScreen.storyboard */ = {
			isa = PBXVariantGroup;
			children = (
				4D55249D1FCE5A7E000305B6 /* Base */,
			);
			name = LaunchScreen.storyboard;
			sourceTree = "<group>";
		};
/* End PBXVariantGroup section */

/* Begin XCBuildConfiguration section */
		4D5524B81FCE5A7E000305B6 /* Debug */ = {
			isa = XCBuildConfiguration;
			buildSettings = {
				ALWAYS_SEARCH_USER_PATHS = NO;
				CLANG_ANALYZER_NONNULL = YES;
				CLANG_ANALYZER_NUMBER_OBJECT_CONVERSION = YES_AGGRESSIVE;
				CLANG_CXX_LANGUAGE_STANDARD = "gnu++14";
				CLANG_CXX_LIBRARY = "libc++";
				CLANG_ENABLE_MODULES = YES;
				CLANG_ENABLE_OBJC_ARC = YES;
				CLANG_WARN_BLOCK_CAPTURE_AUTORELEASING = YES;
				CLANG_WARN_BOOL_CONVERSION = YES;
				CLANG_WARN_COMMA = YES;
				CLANG_WARN_CONSTANT_CONVERSION = YES;
				CLANG_WARN_DIRECT_OBJC_ISA_USAGE = YES_ERROR;
				CLANG_WARN_DOCUMENTATION_COMMENTS = YES;
				CLANG_WARN_EMPTY_BODY = YES;
				CLANG_WARN_ENUM_CONVERSION = YES;
				CLANG_WARN_INFINITE_RECURSION = YES;
				CLANG_WARN_INT_CONVERSION = YES;
				CLANG_WARN_NON_LITERAL_NULL_CONVERSION = YES;
				CLANG_WARN_OBJC_LITERAL_CONVERSION = YES;
				CLANG_WARN_OBJC_ROOT_CLASS = YES_ERROR;
				CLANG_WARN_RANGE_LOOP_ANALYSIS = YES;
				CLANG_WARN_STRICT_PROTOTYPES = YES;
				CLANG_WARN_SUSPICIOUS_MOVE = YES;
				CLANG_WARN_UNGUARDED_AVAILABILITY = YES_AGGRESSIVE;
				CLANG_WARN_UNREACHABLE_CODE = YES;
				CLANG_WARN__DUPLICATE_METHOD_MATCH = YES;
				CODE_SIGN_IDENTITY = "iPhone Developer";
				COPY_PHASE_STRIP = NO;
				DEBUG_INFORMATION_FORMAT = dwarf;
				ENABLE_STRICT_OBJC_MSGSEND = YES;
				ENABLE_TESTABILITY = YES;
				GCC_C_LANGUAGE_STANDARD = gnu11;
				GCC_DYNAMIC_NO_PIC = NO;
				GCC_NO_COMMON_BLOCKS = YES;
				GCC_OPTIMIZATION_LEVEL = 0;
				GCC_PREPROCESSOR_DEFINITIONS = (
					"DEBUG=1",
					"$(inherited)",
				);
				GCC_WARN_64_TO_32_BIT_CONVERSION = YES;
				GCC_WARN_ABOUT_RETURN_TYPE = YES_ERROR;
				GCC_WARN_UNDECLARED_SELECTOR = YES;
				GCC_WARN_UNINITIALIZED_AUTOS = YES_AGGRESSIVE;
				GCC_WARN_UNUSED_FUNCTION = YES;
				GCC_WARN_UNUSED_VARIABLE = YES;
				IPHONEOS_DEPLOYMENT_TARGET = 11.0;
				MTL_ENABLE_DEBUG_INFO = YES;
				ONLY_ACTIVE_ARCH = YES;
				SDKROOT = iphoneos;
			};
			name = Debug;
		};
		4D5524B91FCE5A7E000305B6 /* Release */ = {
			isa = XCBuildConfiguration;
			buildSettings = {
				ALWAYS_SEARCH_USER_PATHS = NO;
				CLANG_ANALYZER_NONNULL = YES;
				CLANG_ANALYZER_NUMBER_OBJECT_CONVERSION = YES_AGGRESSIVE;
				CLANG_CXX_LANGUAGE_STANDARD = "gnu++14";
				CLANG_CXX_LIBRARY = "libc++";
				CLANG_ENABLE_MODULES = YES;
				CLANG_ENABLE_OBJC_ARC = YES;
				CLANG_WARN_BLOCK_CAPTURE_AUTORELEASING = YES;
				CLANG_WARN_BOOL_CONVERSION = YES;
				CLANG_WARN_COMMA = YES;
				CLANG_WARN_CONSTANT_CONVERSION = YES;
				CLANG_WARN_DIRECT_OBJC_ISA_USAGE = YES_ERROR;
				CLANG_WARN_DOCUMENTATION_COMMENTS = YES;
				CLANG_WARN_EMPTY_BODY = YES;
				CLANG_WARN_ENUM_CONVERSION = YES;
				CLANG_WARN_INFINITE_RECURSION = YES;
				CLANG_WARN_INT_CONVERSION = YES;
				CLANG_WARN_NON_LITERAL_NULL_CONVERSION = YES;
				CLANG_WARN_OBJC_LITERAL_CONVERSION = YES;
				CLANG_WARN_OBJC_ROOT_CLASS = YES_ERROR;
				CLANG_WARN_RANGE_LOOP_ANALYSIS = YES;
				CLANG_WARN_STRICT_PROTOTYPES = YES;
				CLANG_WARN_SUSPICIOUS_MOVE = YES;
				CLANG_WARN_UNGUARDED_AVAILABILITY = YES_AGGRESSIVE;
				CLANG_WARN_UNREACHABLE_CODE = YES;
				CLANG_WARN__DUPLICATE_METHOD_MATCH = YES;
				CODE_SIGN_IDENTITY = "iPhone Developer";
				COPY_PHASE_STRIP = NO;
				DEBUG_INFORMATION_FORMAT = "dwarf-with-dsym";
				ENABLE_NS_ASSERTIONS = NO;
				ENABLE_STRICT_OBJC_MSGSEND = YES;
				GCC_C_LANGUAGE_STANDARD = gnu11;
				GCC_NO_COMMON_BLOCKS = YES;
				GCC_WARN_64_TO_32_BIT_CONVERSION = YES;
				GCC_WARN_ABOUT_RETURN_TYPE = YES_ERROR;
				GCC_WARN_UNDECLARED_SELECTOR = YES;
				GCC_WARN_UNINITIALIZED_AUTOS = YES_AGGRESSIVE;
				GCC_WARN_UNUSED_FUNCTION = YES;
				GCC_WARN_UNUSED_VARIABLE = YES;
				IPHONEOS_DEPLOYMENT_TARGET = 11.0;
				MTL_ENABLE_DEBUG_INFO = NO;
				SDKROOT = iphoneos;
				VALIDATE_PRODUCT = YES;
			};
			name = Release;
		};
		4D5524BB1FCE5A7E000305B6 /* Debug */ = {
			isa = XCBuildConfiguration;
			buildSettings = {
				ASSETCATALOG_COMPILER_APPICON_NAME = AppIcon;
				CODE_SIGN_STYLE = Automatic;
				INFOPLIST_FILE = GithubTest/Info.plist;
				LD_RUNPATH_SEARCH_PATHS = "$(inherited) @executable_path/Frameworks";
				PRODUCT_BUNDLE_IDENTIFIER = com.fangtetravel.GithubTest;
				PRODUCT_NAME = "$(TARGET_NAME)";
				TARGETED_DEVICE_FAMILY = "1,2";
			};
			name = Debug;
		};
		4D5524BC1FCE5A7E000305B6 /* Release */ = {
			isa = XCBuildConfiguration;
			buildSettings = {
				ASSETCATALOG_COMPILER_APPICON_NAME = AppIcon;
				CODE_SIGN_STYLE = Automatic;
				INFOPLIST_FILE = GithubTest/Info.plist;
				LD_RUNPATH_SEARCH_PATHS = "$(inherited) @executable_path/Frameworks";
				PRODUCT_BUNDLE_IDENTIFIER = com.fangtetravel.GithubTest;
				PRODUCT_NAME = "$(TARGET_NAME)";
				TARGETED_DEVICE_FAMILY = "1,2";
			};
			name = Release;
		};
		4D5524BE1FCE5A7E000305B6 /* Debug */ = {
			isa = XCBuildConfiguration;
			buildSettings = {
				BUNDLE_LOADER = "$(TEST_HOST)";
				CODE_SIGN_STYLE = Automatic;
				INFOPLIST_FILE = GithubTestTests/Info.plist;
				LD_RUNPATH_SEARCH_PATHS = "$(inherited) @executable_path/Frameworks @loader_path/Frameworks";
				PRODUCT_BUNDLE_IDENTIFIER = com.fangtetravel.GithubTestTests;
				PRODUCT_NAME = "$(TARGET_NAME)";
				TARGETED_DEVICE_FAMILY = "1,2";
				TEST_HOST = "$(BUILT_PRODUCTS_DIR)/GithubTest.app/GithubTest";
			};
			name = Debug;
		};
		4D5524BF1FCE5A7E000305B6 /* Release */ = {
			isa = XCBuildConfiguration;
			buildSettings = {
				BUNDLE_LOADER = "$(TEST_HOST)";
				CODE_SIGN_STYLE = Automatic;
				INFOPLIST_FILE = GithubTestTests/Info.plist;
				LD_RUNPATH_SEARCH_PATHS = "$(inherited) @executable_path/Frameworks @loader_path/Frameworks";
				PRODUCT_BUNDLE_IDENTIFIER = com.fangtetravel.GithubTestTests;
				PRODUCT_NAME = "$(TARGET_NAME)";
				TARGETED_DEVICE_FAMILY = "1,2";
				TEST_HOST = "$(BUILT_PRODUCTS_DIR)/GithubTest.app/GithubTest";
			};
			name = Release;
		};
		4D5524C11FCE5A7E000305B6 /* Debug */ = {
			isa = XCBuildConfiguration;
			buildSettings = {
				CODE_SIGN_STYLE = Automatic;
				INFOPLIST_FILE = GithubTestUITests/Info.plist;
				LD_RUNPATH_SEARCH_PATHS = "$(inherited) @executable_path/Frameworks @loader_path/Frameworks";
				PRODUCT_BUNDLE_IDENTIFIER = com.fangtetravel.GithubTestUITests;
				PRODUCT_NAME = "$(TARGET_NAME)";
				TARGETED_DEVICE_FAMILY = "1,2";
				TEST_TARGET_NAME = GithubTest;
			};
			name = Debug;
		};
		4D5524C21FCE5A7E000305B6 /* Release */ = {
			isa = XCBuildConfiguration;
			buildSettings = {
				CODE_SIGN_STYLE = Automatic;
				INFOPLIST_FILE = GithubTestUITests/Info.plist;
				LD_RUNPATH_SEARCH_PATHS = "$(inherited) @executable_path/Frameworks @loader_path/Frameworks";
				PRODUCT_BUNDLE_IDENTIFIER = com.fangtetravel.GithubTestUITests;
				PRODUCT_NAME = "$(TARGET_NAME)";
				TARGETED_DEVICE_FAMILY = "1,2";
				TEST_TARGET_NAME = GithubTest;
			};
			name = Release;
		};
/* End XCBuildConfiguration section */

/* Begin XCConfigurationList section */
		4D5524891FCE5A7E000305B6 /* Build configuration list for PBXProject "GithubTest" */ = {
			isa = XCConfigurationList;
			buildConfigurations = (
				4D5524B81FCE5A7E000305B6 /* Debug */,
				4D5524B91FCE5A7E000305B6 /* Release */,
			);
			defaultConfigurationIsVisible = 0;
			defaultConfigurationName = Release;
		};
		4D5524BA1FCE5A7E000305B6 /* Build configuration list for PBXNativeTarget "GithubTest" */ = {
			isa = XCConfigurationList;
			buildConfigurations = (
				4D5524BB1FCE5A7E000305B6 /* Debug */,
				4D5524BC1FCE5A7E000305B6 /* Release */,
			);
			defaultConfigurationIsVisible = 0;
			defaultConfigurationName = Release;
		};
		4D5524BD1FCE5A7E000305B6 /* Build configuration list for PBXNativeTarget "GithubTestTests" */ = {
			isa = XCConfigurationList;
			buildConfigurations = (
				4D5524BE1FCE5A7E000305B6 /* Debug */,
				4D5524BF1FCE5A7E000305B6 /* Release */,
			);
			defaultConfigurationIsVisible = 0;
			defaultConfigurationName = Release;
		};
		4D5524C01FCE5A7E000305B6 /* Build configuration list for PBXNativeTarget "GithubTestUITests" */ = {
			isa = XCConfigurationList;
			buildConfigurations = (
				4D5524C11FCE5A7E000305B6 /* Debug */,
				4D5524C21FCE5A7E000305B6 /* Release */,
			);
			defaultConfigurationIsVisible = 0;
			defaultConfigurationName = Release;
		};
/* End XCConfigurationList section */
	};
	rootObject = 4D5524861FCE5A7E000305B6 /* Project object */;
}
